
Microsoft Visual Studio Solution File, Format Version 12.00
# Visual Studio Version 17
VisualStudioVersion = 17.13.35507.96 d17.13
MinimumVisualStudioVersion = 10.0.40219.1
Project("{FAE04EC0-301F-11D3-BF4B-00C04F79EFBC}") = "BlukOperationDapper", "BlukOperationDapper\BlukOperationDapper.csproj", "{119D2AD3-D1C1-411B-B0AD-38BB9A8FEF63}"
EndProject
Global
	GlobalSection(SolutionConfigurationPlatforms) = preSolution
		Debug|Any CPU = Debug|Any CPU
		Release|Any CPU = Release|Any CPU
	EndGlobalSection
	GlobalSection(ProjectConfigurationPlatforms) = postSolution
		{119D2AD3-D1C1-411B-B0AD-38BB9A8FEF63}.Debug|Any CPU.ActiveCfg = Debug|Any CPU
		{119D2AD3-D1C1-411B-B0AD-38BB9A8FEF63}.Debug|Any CPU.Build.0 = Debug|Any CPU
		{119D2AD3-D1C1-411B-B0AD-38BB9A8FEF63}.Release|Any CPU.ActiveCfg = Release|Any CPU
		{119D2AD3-D1C1-411B-B0AD-38BB9A8FEF63}.Release|Any CPU.Build.0 = Release|Any CPU
	EndGlobalSection
	GlobalSection(SolutionProperties) = preSolution
		HideSolutionNode = FALSE
	EndGlobalSection
	GlobalSection(ExtensibilityGlobals) = postSolution
		SolutionGuid = {780F3F6A-8840-461C-9C6C-929B88553333}
	EndGlobalSection
EndGlobal
